github.com/creachadair/jrpc2 v1.1.1 h1:xa7p3C5eSvwn/dFwCCmksp+RyQ/ytFY0NYzY7npsoI0=
github.com/creachadair/jrpc2 v1.1.1/go.mod h1:KajsO5dx7yfcwmuRJb5SHXsCVTzBoq7EsPzu5wxnsc0=
github.com/fortytw2/leaktest v1.3.0 h1:u8491cBMTQ8ft8aeV+adlcytMZylmA5nnwwkRZjI8vw=
nhooyr.io/websocket v1.8.10 h1:mv4p+MnGrLDcPlBoWsvPP7XCzTYMXP9F9eIGoKbgx7Q=
nhooyr.io/websocket v1.8.10/go.mod h1:rN9OFWIUwuxg4fR5tELlYC04bXYowCP9GX47ivo2l+c=
