github.com/creachadair/jrpc2 v1.1.2 h1:UOYMipEFYlwd5qmcvs9GZBurn3oXt1UDIX5JLjWWFzo=
github.com/creachadair/jrpc2 v1.1.2/go.mod h1:JcCe2Eny3lIvVwZLm92WXyU+tNUgTBWFCLMsfNkjEGk=
github.com/fortytw2/leaktest v1.3.0 h1:u8491cBMTQ8ft8aeV+adlcytMZylmA5nnwwkRZjI8vw=
github.com/fortytw2/leaktest v1.3.0/go.mod h1:jDsjWgpAGjm2CA7WthBh/CdZYEPF31XHquHwclZch5g=
nhooyr.io/websocket v1.8.10 h1:mv4p+MnGrLDcPlBoWsvPP7XCzTYMXP9F9eIGoKbgx7Q=
nhooyr.io/websocket v1.8.10/go.mod h1:rN9OFWIUwuxg4fR5tELlYC04bXYowCP9GX47ivo2l+c=
