github.com/coder/websocket v1.8.13 h1:f3QZdXy7uGVz+4uCJy2nTZyM0yTBj8yANEHhqlXZ9FE=
github.com/coder/websocket v1.8.13/go.mod h1:LNVeNrXQZfe5qhS9ALED3uA+l5pPqvwXg3CKoDBB2gs=
github.com/creachadair/jrpc2 v1.3.2 h1:27pDXBLe19ck2WQvW+ywnFdzZwZzdTbcQ8Yct1LYiRc=
github.com/creachadair/jrpc2 v1.3.2/go.mod h1:npYsgDnV5iDpSCVcD3iUGig5WVYY3vn0bZNYWGbgFWw=
github.com/fortytw2/leaktest v1.3.0 h1:u8491cBMTQ8ft8aeV+adlcytMZylmA5nnwwkRZjI8vw=
github.com/fortytw2/leaktest v1.3.0/go.mod h1:jDsjWgpAGjm2CA7WthBh/CdZYEPF31XHquHwclZch5g=
